{
  "requires": true,
  "lockfileVersion": 1,
  "dependencies": {
    "@ayunoshev/spinner": {
      "version": "0.1.0",
      "resolved": "https://registry.npmjs.org/@ayunoshev/spinner/-/spinner-0.1.0.tgz",
      "integrity": "sha512-ruRWJNutgwFIBuEsYlkmfN4fvy211HF/+HDo7DuVkB+lrol+IzkHAb6+aYsazHbPDWqd7oJNscXNK7FK3wnTlQ=="
    }
  }
}
